
Microsoft Visual Studio Solution File, Format Version 12.00
# Visual Studio 2013
VisualStudioVersion = 12.0.31101.0
MinimumVisualStudioVersion = 10.0.40219.1
Project("{2150E333-8FDC-42A3-9474-1A3956D46DE8}") = "UI", "UI", "{556CFBC5-3279-47F4-A138-7406783A339F}"
EndProject
Project("{2150E333-8FDC-42A3-9474-1A3956D46DE8}") = "Persistence", "Persistence", "{BF8D1F54-A428-4A78-88A8-7AEF17D16AAC}"
EndProject
Project("{2150E333-8FDC-42A3-9474-1A3956D46DE8}") = "Domain", "Domain", "{A428FD9C-1329-4024-BAD4-F6D49BD8169A}"
EndProject
Project("{2150E333-8FDC-42A3-9474-1A3956D46DE8}") = "Server", "Server", "{8061D87E-B0DE-4B06-B159-16CE1FA2B84B}"
EndProject
Project("{2150E333-8FDC-42A3-9474-1A3956D46DE8}") = "Client", "Client", "{6AD6288D-52BB-40F5-BF4D-0381147F2717}"
EndProject
Project("{2150E333-8FDC-42A3-9474-1A3956D46DE8}") = "Services", "Services", "{DCB88B56-FBAA-44DE-90E8-DC507C1A50E5}"
EndProject
Project("{FAE04EC0-301F-11D3-BF4B-00C04F79EFBC}") = "Services", "Client\UI\Services\Services.csproj", "{1F59C667-CF06-448C-A2B3-26B61CBB0F2B}"
EndProject
Project("{FAE04EC0-301F-11D3-BF4B-00C04F79EFBC}") = "Wpf", "Client\UI\Wpf\Wpf.csproj", "{2B103720-AC0C-4CDC-AB00-7A0364A6E093}"
EndProject
Project("{FAE04EC0-301F-11D3-BF4B-00C04F79EFBC}") = "DomainModel", "Server\Domain\DomainModel\DomainModel.csproj", "{0B666519-EAD6-4118-90EF-A3BBB6B9EDCB}"
EndProject
Project("{FAE04EC0-301F-11D3-BF4B-00C04F79EFBC}") = "PersistenceService", "Server\Persistence\PersistenceService\PersistenceService.csproj", "{11579FE1-FD3B-4EEB-8B97-230AB5DE5815}"
EndProject
Project("{FAE04EC0-301F-11D3-BF4B-00C04F79EFBC}") = "RESTService", "Server\Services\RESTService\RESTService.csproj", "{BCA4EEB5-3AF9-45A6-983E-B7068976B418}"
EndProject
Project("{FAE04EC0-301F-11D3-BF4B-00C04F79EFBC}") = "db4oProvider", "Server\Persistence\db4oProvider\db4oProvider.csproj", "{A332A25B-5BDE-4CB4-B25F-EED03D4AD04F}"
EndProject
Project("{FAE04EC0-301F-11D3-BF4B-00C04F79EFBC}") = "DTO", "Client\UI\DTO\DTO.csproj", "{63C3E742-944E-4753-9ECA-4605A981AA07}"
EndProject
Project("{2150E333-8FDC-42A3-9474-1A3956D46DE8}") = "Solution Items", "Solution Items", "{7527703B-EFE5-4783-A615-07FD593E3F01}"
	ProjectSection(SolutionItems) = preProject
		README.md = README.md
	EndProjectSection
EndProject
Project("{FAE04EC0-301F-11D3-BF4B-00C04F79EFBC}") = "RedisProvider", "Server\Persistence\RedisProvider\RedisProvider.csproj", "{7473E467-EA2C-448B-A0C5-F18875ABF02F}"
EndProject
Project("{FAE04EC0-301F-11D3-BF4B-00C04F79EFBC}") = "ProviderIntegrationTests", "Server\Persistence\RedisProviderFunctionalTests\ProviderIntegrationTests.csproj", "{AC9A9DF9-7D09-47E7-BAF3-EDD009AE5374}"
EndProject
Project("{FAE04EC0-301F-11D3-BF4B-00C04F79EFBC}") = "UtilityFunctions", "Server\Utility\UtilityFunctions.csproj", "{36EE3794-1A66-43CF-AF25-A741689159B4}"
EndProject
Project("{FAE04EC0-301F-11D3-BF4B-00C04F79EFBC}") = "SimpleDBProvider", "Server\Persistence\SimpleDBProvider\SimpleDBProvider.csproj", "{6FF52DF2-4B4C-435B-978B-741EF1C5AB7A}"
EndProject
Global
	GlobalSection(SolutionConfigurationPlatforms) = preSolution
		Debug|Any CPU = Debug|Any CPU
		Release|Any CPU = Release|Any CPU
	EndGlobalSection
	GlobalSection(ProjectConfigurationPlatforms) = postSolution
		{1F59C667-CF06-448C-A2B3-26B61CBB0F2B}.Debug|Any CPU.ActiveCfg = Debug|Any CPU
		{1F59C667-CF06-448C-A2B3-26B61CBB0F2B}.Debug|Any CPU.Build.0 = Debug|Any CPU
		{1F59C667-CF06-448C-A2B3-26B61CBB0F2B}.Release|Any CPU.ActiveCfg = Release|Any CPU
		{1F59C667-CF06-448C-A2B3-26B61CBB0F2B}.Release|Any CPU.Build.0 = Release|Any CPU
		{2B103720-AC0C-4CDC-AB00-7A0364A6E093}.Debug|Any CPU.ActiveCfg = Debug|Any CPU
		{2B103720-AC0C-4CDC-AB00-7A0364A6E093}.Debug|Any CPU.Build.0 = Debug|Any CPU
		{2B103720-AC0C-4CDC-AB00-7A0364A6E093}.Release|Any CPU.ActiveCfg = Release|Any CPU
		{2B103720-AC0C-4CDC-AB00-7A0364A6E093}.Release|Any CPU.Build.0 = Release|Any CPU
		{0B666519-EAD6-4118-90EF-A3BBB6B9EDCB}.Debug|Any CPU.ActiveCfg = Debug|Any CPU
		{0B666519-EAD6-4118-90EF-A3BBB6B9EDCB}.Debug|Any CPU.Build.0 = Debug|Any CPU
		{0B666519-EAD6-4118-90EF-A3BBB6B9EDCB}.Release|Any CPU.ActiveCfg = Release|Any CPU
		{0B666519-EAD6-4118-90EF-A3BBB6B9EDCB}.Release|Any CPU.Build.0 = Release|Any CPU
		{11579FE1-FD3B-4EEB-8B97-230AB5DE5815}.Debug|Any CPU.ActiveCfg = Debug|Any CPU
		{11579FE1-FD3B-4EEB-8B97-230AB5DE5815}.Debug|Any CPU.Build.0 = Debug|Any CPU
		{11579FE1-FD3B-4EEB-8B97-230AB5DE5815}.Release|Any CPU.ActiveCfg = Release|Any CPU
		{11579FE1-FD3B-4EEB-8B97-230AB5DE5815}.Release|Any CPU.Build.0 = Release|Any CPU
		{BCA4EEB5-3AF9-45A6-983E-B7068976B418}.Debug|Any CPU.ActiveCfg = Debug|Any CPU
		{BCA4EEB5-3AF9-45A6-983E-B7068976B418}.Debug|Any CPU.Build.0 = Debug|Any CPU
		{BCA4EEB5-3AF9-45A6-983E-B7068976B418}.Release|Any CPU.ActiveCfg = Release|Any CPU
		{BCA4EEB5-3AF9-45A6-983E-B7068976B418}.Release|Any CPU.Build.0 = Release|Any CPU
		{A332A25B-5BDE-4CB4-B25F-EED03D4AD04F}.Debug|Any CPU.ActiveCfg = Debug|Any CPU
		{A332A25B-5BDE-4CB4-B25F-EED03D4AD04F}.Debug|Any CPU.Build.0 = Debug|Any CPU
		{A332A25B-5BDE-4CB4-B25F-EED03D4AD04F}.Release|Any CPU.ActiveCfg = Release|Any CPU
		{A332A25B-5BDE-4CB4-B25F-EED03D4AD04F}.Release|Any CPU.Build.0 = Release|Any CPU
		{63C3E742-944E-4753-9ECA-4605A981AA07}.Debug|Any CPU.ActiveCfg = Debug|Any CPU
		{63C3E742-944E-4753-9ECA-4605A981AA07}.Debug|Any CPU.Build.0 = Debug|Any CPU
		{63C3E742-944E-4753-9ECA-4605A981AA07}.Release|Any CPU.ActiveCfg = Release|Any CPU
		{63C3E742-944E-4753-9ECA-4605A981AA07}.Release|Any CPU.Build.0 = Release|Any CPU
		{7473E467-EA2C-448B-A0C5-F18875ABF02F}.Debug|Any CPU.ActiveCfg = Debug|Any CPU
		{7473E467-EA2C-448B-A0C5-F18875ABF02F}.Debug|Any CPU.Build.0 = Debug|Any CPU
		{7473E467-EA2C-448B-A0C5-F18875ABF02F}.Release|Any CPU.ActiveCfg = Release|Any CPU
		{7473E467-EA2C-448B-A0C5-F18875ABF02F}.Release|Any CPU.Build.0 = Release|Any CPU
		{AC9A9DF9-7D09-47E7-BAF3-EDD009AE5374}.Debug|Any CPU.ActiveCfg = Debug|Any CPU
		{AC9A9DF9-7D09-47E7-BAF3-EDD009AE5374}.Debug|Any CPU.Build.0 = Debug|Any CPU
		{AC9A9DF9-7D09-47E7-BAF3-EDD009AE5374}.Release|Any CPU.ActiveCfg = Release|Any CPU
		{AC9A9DF9-7D09-47E7-BAF3-EDD009AE5374}.Release|Any CPU.Build.0 = Release|Any CPU
		{36EE3794-1A66-43CF-AF25-A741689159B4}.Debug|Any CPU.ActiveCfg = Debug|Any CPU
		{36EE3794-1A66-43CF-AF25-A741689159B4}.Debug|Any CPU.Build.0 = Debug|Any CPU
		{36EE3794-1A66-43CF-AF25-A741689159B4}.Release|Any CPU.ActiveCfg = Release|Any CPU
		{36EE3794-1A66-43CF-AF25-A741689159B4}.Release|Any CPU.Build.0 = Release|Any CPU
		{6FF52DF2-4B4C-435B-978B-741EF1C5AB7A}.Debug|Any CPU.ActiveCfg = Debug|Any CPU
		{6FF52DF2-4B4C-435B-978B-741EF1C5AB7A}.Debug|Any CPU.Build.0 = Debug|Any CPU
		{6FF52DF2-4B4C-435B-978B-741EF1C5AB7A}.Release|Any CPU.ActiveCfg = Release|Any CPU
		{6FF52DF2-4B4C-435B-978B-741EF1C5AB7A}.Release|Any CPU.Build.0 = Release|Any CPU
	EndGlobalSection
	GlobalSection(SolutionProperties) = preSolution
		HideSolutionNode = FALSE
	EndGlobalSection
	GlobalSection(NestedProjects) = preSolution
		{556CFBC5-3279-47F4-A138-7406783A339F} = {6AD6288D-52BB-40F5-BF4D-0381147F2717}
		{BF8D1F54-A428-4A78-88A8-7AEF17D16AAC} = {8061D87E-B0DE-4B06-B159-16CE1FA2B84B}
		{A428FD9C-1329-4024-BAD4-F6D49BD8169A} = {8061D87E-B0DE-4B06-B159-16CE1FA2B84B}
		{DCB88B56-FBAA-44DE-90E8-DC507C1A50E5} = {8061D87E-B0DE-4B06-B159-16CE1FA2B84B}
		{1F59C667-CF06-448C-A2B3-26B61CBB0F2B} = {556CFBC5-3279-47F4-A138-7406783A339F}
		{2B103720-AC0C-4CDC-AB00-7A0364A6E093} = {556CFBC5-3279-47F4-A138-7406783A339F}
		{0B666519-EAD6-4118-90EF-A3BBB6B9EDCB} = {A428FD9C-1329-4024-BAD4-F6D49BD8169A}
		{11579FE1-FD3B-4EEB-8B97-230AB5DE5815} = {BF8D1F54-A428-4A78-88A8-7AEF17D16AAC}
		{BCA4EEB5-3AF9-45A6-983E-B7068976B418} = {DCB88B56-FBAA-44DE-90E8-DC507C1A50E5}
		{A332A25B-5BDE-4CB4-B25F-EED03D4AD04F} = {BF8D1F54-A428-4A78-88A8-7AEF17D16AAC}
		{63C3E742-944E-4753-9ECA-4605A981AA07} = {556CFBC5-3279-47F4-A138-7406783A339F}
		{7473E467-EA2C-448B-A0C5-F18875ABF02F} = {BF8D1F54-A428-4A78-88A8-7AEF17D16AAC}
		{AC9A9DF9-7D09-47E7-BAF3-EDD009AE5374} = {BF8D1F54-A428-4A78-88A8-7AEF17D16AAC}
		{36EE3794-1A66-43CF-AF25-A741689159B4} = {8061D87E-B0DE-4B06-B159-16CE1FA2B84B}
		{6FF52DF2-4B4C-435B-978B-741EF1C5AB7A} = {BF8D1F54-A428-4A78-88A8-7AEF17D16AAC}
	EndGlobalSection
EndGlobal
